
Microsoft Visual Studio Solution File, Format Version 12.00
# Visual Studio Version 17
VisualStudioVersion = 17.0.31903.59
MinimumVisualStudioVersion = 10.0.40219.1
Project("{FAE04EC0-301F-11D3-BF4B-00C04F79EFBC}") = "SignalProvider.Api", "SignalProvider.Api\SignalProvider.Api.csproj", "{FA70D7BF-3484-431D-AA77-A434A82602E0}"
EndProject
Project("{FAE04EC0-301F-11D3-BF4B-00C04F79EFBC}") = "SignalProvider.Core", "SignalProvider.Core\SignalProvider.Core.csproj", "{65F15855-6A30-4D99-AA37-490805E9C4FF}"
EndProject
Project("{FAE04EC0-301F-11D3-BF4B-00C04F79EFBC}") = "SignalProvider.Infrastructure", "SignalProvider.Infrastructure\SignalProvider.Infrastructure.csproj", "{209CA086-B0E8-442F-B80E-E3EE4C045550}"
EndProject
Project("{FAE04EC0-301F-11D3-BF4B-00C04F79EFBC}") = "SignalProvider.Tests", "SignalProvider.Tests\SignalProvider.Tests.csproj", "{7FCF0435-2F18-4828-A958-24F1CDE5BD43}"
EndProject
Global
	GlobalSection(SolutionConfigurationPlatforms) = preSolution
		Debug|Any CPU = Debug|Any CPU
		Release|Any CPU = Release|Any CPU
	EndGlobalSection
	GlobalSection(SolutionProperties) = preSolution
		HideSolutionNode = FALSE
	EndGlobalSection
	GlobalSection(ProjectConfigurationPlatforms) = postSolution
		{FA70D7BF-3484-431D-AA77-A434A82602E0}.Debug|Any CPU.ActiveCfg = Debug|Any CPU
		{FA70D7BF-3484-431D-AA77-A434A82602E0}.Debug|Any CPU.Build.0 = Debug|Any CPU
		{FA70D7BF-3484-431D-AA77-A434A82602E0}.Release|Any CPU.ActiveCfg = Release|Any CPU
		{FA70D7BF-3484-431D-AA77-A434A82602E0}.Release|Any CPU.Build.0 = Release|Any CPU
		{65F15855-6A30-4D99-AA37-490805E9C4FF}.Debug|Any CPU.ActiveCfg = Debug|Any CPU
		{65F15855-6A30-4D99-AA37-490805E9C4FF}.Debug|Any CPU.Build.0 = Debug|Any CPU
		{65F15855-6A30-4D99-AA37-490805E9C4FF}.Release|Any CPU.ActiveCfg = Release|Any CPU
		{65F15855-6A30-4D99-AA37-490805E9C4FF}.Release|Any CPU.Build.0 = Release|Any CPU
		{209CA086-B0E8-442F-B80E-E3EE4C045550}.Debug|Any CPU.ActiveCfg = Debug|Any CPU
		{209CA086-B0E8-442F-B80E-E3EE4C045550}.Debug|Any CPU.Build.0 = Debug|Any CPU
		{209CA086-B0E8-442F-B80E-E3EE4C045550}.Release|Any CPU.ActiveCfg = Release|Any CPU
		{209CA086-B0E8-442F-B80E-E3EE4C045550}.Release|Any CPU.Build.0 = Release|Any CPU
		{7FCF0435-2F18-4828-A958-24F1CDE5BD43}.Debug|Any CPU.ActiveCfg = Debug|Any CPU
		{7FCF0435-2F18-4828-A958-24F1CDE5BD43}.Debug|Any CPU.Build.0 = Debug|Any CPU
		{7FCF0435-2F18-4828-A958-24F1CDE5BD43}.Release|Any CPU.ActiveCfg = Release|Any CPU
		{7FCF0435-2F18-4828-A958-24F1CDE5BD43}.Release|Any CPU.Build.0 = Release|Any CPU
	EndGlobalSection
EndGlobal
